
Microsoft Visual Studio Solution File, Format Version 12.00
# Visual Studio Version 16
VisualStudioVersion = 16.0.30907.101
MinimumVisualStudioVersion = 10.0.40219.1
Project("{FAE04EC0-301F-11D3-BF4B-00C04F79EFBC}") = "ApartmentSoldCheckFunction", "ApartmentSoldCheckFunction\ApartmentSoldCheckFunction.csproj", "{3339F846-572B-4AAF-8292-1528359FB73F}"
EndProject
Global
	GlobalSection(SolutionConfigurationPlatforms) = preSolution
		Debug|Any CPU = Debug|Any CPU
		Release|Any CPU = Release|Any CPU
	EndGlobalSection
	GlobalSection(ProjectConfigurationPlatforms) = postSolution
		{3339F846-572B-4AAF-8292-1528359FB73F}.Debug|Any CPU.ActiveCfg = Debug|Any CPU
		{3339F846-572B-4AAF-8292-1528359FB73F}.Debug|Any CPU.Build.0 = Debug|Any CPU
		{3339F846-572B-4AAF-8292-1528359FB73F}.Release|Any CPU.ActiveCfg = Release|Any CPU
		{3339F846-572B-4AAF-8292-1528359FB73F}.Release|Any CPU.Build.0 = Release|Any CPU
	EndGlobalSection
	GlobalSection(SolutionProperties) = preSolution
		HideSolutionNode = FALSE
	EndGlobalSection
	GlobalSection(ExtensibilityGlobals) = postSolution
		SolutionGuid = {A79C3BED-152D-453D-B5F7-46B2A4281BD8}
	EndGlobalSection
EndGlobal
