
Microsoft Visual Studio Solution File, Format Version 12.00
# Visual Studio 15
VisualStudioVersion = 15.0.28010.2046
MinimumVisualStudioVersion = 10.0.40219.1
Project("{FAE04EC0-301F-11D3-BF4B-00C04F79EFBC}") = "CodeWars", "CodeWars\CodeWars.csproj", "{003B0470-702F-46FC-958C-ABA3CA7FDDAE}"
EndProject
Global
	GlobalSection(SolutionConfigurationPlatforms) = preSolution
		Debug|Any CPU = Debug|Any CPU
		Release|Any CPU = Release|Any CPU
	EndGlobalSection
	GlobalSection(ProjectConfigurationPlatforms) = postSolution
		{003B0470-702F-46FC-958C-ABA3CA7FDDAE}.Debug|Any CPU.ActiveCfg = Debug|Any CPU
		{003B0470-702F-46FC-958C-ABA3CA7FDDAE}.Debug|Any CPU.Build.0 = Debug|Any CPU
		{003B0470-702F-46FC-958C-ABA3CA7FDDAE}.Release|Any CPU.ActiveCfg = Release|Any CPU
		{003B0470-702F-46FC-958C-ABA3CA7FDDAE}.Release|Any CPU.Build.0 = Release|Any CPU
	EndGlobalSection
	GlobalSection(SolutionProperties) = preSolution
		HideSolutionNode = FALSE
	EndGlobalSection
	GlobalSection(ExtensibilityGlobals) = postSolution
		SolutionGuid = {A91EB05D-C006-4E09-9B3E-1258F358D9E6}
	EndGlobalSection
EndGlobal
