
Microsoft Visual Studio Solution File, Format Version 12.00
# Visual Studio 15
VisualStudioVersion = 15.0.28010.2046
MinimumVisualStudioVersion = 10.0.40219.1
Project("{FAE04EC0-301F-11D3-BF4B-00C04F79EFBC}") = "mateoBigTest", "mateoBigTest\mateoBigTest.csproj", "{54CA689B-A8BF-4460-8F12-2109CEE7586F}"
EndProject
Global
	GlobalSection(SolutionConfigurationPlatforms) = preSolution
		Debug|Any CPU = Debug|Any CPU
		Release|Any CPU = Release|Any CPU
	EndGlobalSection
	GlobalSection(ProjectConfigurationPlatforms) = postSolution
		{54CA689B-A8BF-4460-8F12-2109CEE7586F}.Debug|Any CPU.ActiveCfg = Debug|Any CPU
		{54CA689B-A8BF-4460-8F12-2109CEE7586F}.Debug|Any CPU.Build.0 = Debug|Any CPU
		{54CA689B-A8BF-4460-8F12-2109CEE7586F}.Release|Any CPU.ActiveCfg = Release|Any CPU
		{54CA689B-A8BF-4460-8F12-2109CEE7586F}.Release|Any CPU.Build.0 = Release|Any CPU
	EndGlobalSection
	GlobalSection(SolutionProperties) = preSolution
		HideSolutionNode = FALSE
	EndGlobalSection
	GlobalSection(ExtensibilityGlobals) = postSolution
		SolutionGuid = {A35D0194-DB74-4CA9-9670-F13EFF9AAD5C}
	EndGlobalSection
EndGlobal
